# THIS IS AN AUTOGENERATED FILE. DO NOT EDIT THIS FILE DIRECTLY.
# yarn lockfile v1


"@builder.io/partytown@^0.2.1":
  version "0.2.1"
  resolved "https://registry.yarnpkg.com/@builder.io/partytown/-/partytown-0.2.1.tgz#45db05e4f6b19bbcabecabbd6143910eb9edc8e5"
  integrity sha512-orvc9rubi77m+46hv3SvR+p5+EGEZFSFEc9RGch68OKcIfGm2+huHbHZmL75Z9IEvr5hURXwXpA5EiwMEiA+bg==
